// !$*UTF8*$!
{
	archiveVersion = 1;
	classes = {
	};
	objectVersion = 77;
	objects = {

/* Begin PBXBuildFile section */
		5610A5282EB18D9200B0ED6C /* FirebaseAuth in Frameworks */ = {isa = PBXBuildFile; productRef = 5610A5272EB18D9200B0ED6C /* FirebaseAuth */; };
		5610A52A2EB18D9200B0ED6C /* FirebaseFirestore in Frameworks */ = {isa = PBXBuildFile; productRef = 5610A5292EB18D9200B0ED6C /* FirebaseFirestore */; };
/* End PBXBuildFile section */

/* Begin PBXContainerItemProxy section */
		5610A5082EB189B700B0ED6C /* PBXContainerItemProxy */ = {
			isa = PBXContainerItemProxy;
			containerPortal = 5610A4F22EB189B600B0ED6C /* Project object */;
			proxyType = 1;
			remoteGlobalIDString = 5610A4F92EB189B600B0ED6C;
			remoteInfo = bankapp;
		};
		5610A5122EB189B700B0ED6C /* PBXContainerItemProxy */ = {
			isa = PBXContainerItemProxy;
			containerPortal = 5610A4F22EB189B600B0ED6C /* Project object */;
			proxyType = 1;
			remoteGlobalIDString = 5610A4F92EB189B600B0ED6C;
			remoteInfo = bankapp;
		};
/* End PBXContainerItemProxy section */

/* Begin PBXFileReference section */
		5610A4FA2EB189B600B0ED6C /* bankapp.app */ = {isa = PBXFileReference; explicitFileType = wrapper.application; includeInIndex = 0; path = bankapp.app; sourceTree = BUILT_PRODUCTS_DIR; };
		5610A5072EB189B700B0ED6C /* bankappTests.xctest */ = {isa = PBXFileReference; explicitFileType = wrapper.cfbundle; includeInIndex = 0; path = bankappTests.xctest; sourceTree = BUILT_PRODUCTS_DIR; };
		5610A5112EB189B700B0ED6C /* bankappUITests.xctest */ = {isa = PBXFileReference; explicitFileType = wrapper.cfbundle; includeInIndex = 0; path = bankappUITests.xctest; sourceTree = BUILT_PRODUCTS_DIR; };
/* End PBXFileReference section */

/* Begin PBXFileSystemSynchronizedRootGroup section */
		5610A4FC2EB189B600B0ED6C /* bankapp */ = {
			isa = PBXFileSystemSynchronizedRootGroup;
			path = bankapp;
			sourceTree = "<group>";
		};
		5610A50A2EB189B700B0ED6C /* bankappTests */ = {
			isa = PBXFileSystemSynchronizedRootGroup;
			path = bankappTests;
			sourceTree = "<group>";
		};
		5610A5142EB189B700B0ED6C /* bankappUITests */ = {
			isa = PBXFileSystemSynchronizedRootGroup;
			path = bankappUITests;
			sourceTree = "<group>";
		};
/* End PBXFileSystemSynchronizedRootGroup section */

/* Begin PBXFrameworksBuildPhase section */
		5610A4F72EB189B600B0ED6C /* Frameworks */ = {
			isa = PBXFrameworksBuildPhase;
			buildActionMask = 2147483647;
			files = (
				5610A5282EB18D9200B0ED6C /* FirebaseAuth in Frameworks */,
				5610A52A2EB18D9200B0ED6C /* FirebaseFirestore in Frameworks */,
			);
			runOnlyForDeploymentPostprocessing = 0;
		};
		5610A5042EB189B700B0ED6C /* Frameworks */ = {
			isa = PBXFrameworksBuildPhase;
			buildActionMask = 2147483647;
			files = (
			);
			runOnlyForDeploymentPostprocessing = 0;
		};
		5610A50E2EB189B700B0ED6C /* Frameworks */ = {
			isa = PBXFrameworksBuildPhase;
			buildActionMask = 2147483647;
			files = (
			);
			runOnlyForDeploymentPostprocessing = 0;
		};
/* End PBXFrameworksBuildPhase section */

/* Begin PBXGroup section */
		5610A4F12EB189B600B0ED6C = {
			isa = PBXGroup;
			children = (
				5610A4FC2EB189B600B0ED6C /* bankapp */,
				5610A50A2EB189B700B0ED6C /* bankappTests */,
				5610A5142EB189B700B0ED6C /* bankappUITests */,
				5610A4FB2EB189B600B0ED6C /* Products */,
			);
			sourceTree = "<group>";
		};
		5610A4FB2EB189B600B0ED6C /* Products */ = {
			isa = PBXGroup;
			children = (
				5610A4FA2EB189B600B0ED6C /* bankapp.app */,
				5610A5072EB189B700B0ED6C /* bankappTests.xctest */,
				5610A5112EB189B700B0ED6C /* bankappUITests.xctest */,
			);
			name = Products;
			sourceTree = "<group>";
		};
/* End PBXGroup section */

/* Begin PBXNativeTarget section */
		5610A4F92EB189B600B0ED6C /* bankapp */ = {
			isa = PBXNativeTarget;
			buildConfigurationList = 5610A51B2EB189B700B0ED6C /* Build configuration list for PBXNativeTarget "bankapp" */;
			buildPhases = (
				5610A4F62EB189B600B0ED6C /* Sources */,
				5610A4F72EB189B600B0ED6C /* Frameworks */,
				5610A4F82EB189B600B0ED6C /* Resources */,
			);
			buildRules = (
			);
			dependencies = (
			);
			fileSystemSynchronizedGroups = (
				5610A4FC2EB189B600B0ED6C /* bankapp */,
			);
			name = bankapp;
			packageProductDependencies = (
				5610A5272EB18D9200B0ED6C /* FirebaseAuth */,
				5610A5292EB18D9200B0ED6C /* FirebaseFirestore */,
			);
			productName = bankapp;
			productReference = 5610A4FA2EB189B600B0ED6C /* bankapp.app */;
			productType = "com.apple.product-type.application";
		};
		5610A5062EB189B700B0ED6C /* bankappTests */ = {
			isa = PBXNativeTarget;
			buildConfigurationList = 5610A51E2EB189B700B0ED6C /* Build configuration list for PBXNativeTarget "bankappTests" */;
			buildPhases = (
				5610A5032EB189B700B0ED6C /* Sources */,
				5610A5042EB189B700B0ED6C /* Frameworks */,
				5610A5052EB189B700B0ED6C /* Resources */,
			);
			buildRules = (
			);
			dependencies = (
				5610A5092EB189B700B0ED6C /* PBXTargetDependency */,
			);
			fileSystemSynchronizedGroups = (
				5610A50A2EB189B700B0ED6C /* bankappTests */,
			);
			name = bankappTests;
			packageProductDependencies = (
			);
			productName = bankappTests;
			productReference = 5610A5072EB189B700B0ED6C /* bankappTests.xctest */;
			productType = "com.apple.product-type.bundle.unit-test";
		};
		5610A5102EB189B700B0ED6C /* bankappUITests */ = {
			isa = PBXNativeTarget;
			buildConfigurationList = 5610A5212EB189B700B0ED6C /* Build configuration list for PBXNativeTarget "bankappUITests" */;
			buildPhases = (
				5610A50D2EB189B700B0ED6C /* Sources */,
				5610A50E2EB189B700B0ED6C /* Frameworks */,
				5610A50F2EB189B700B0ED6C /* Resources */,
			);
			buildRules = (
			);
			dependencies = (
				5610A5132EB189B700B0ED6C /* PBXTargetDependency */,
			);
			fileSystemSynchronizedGroups = (
				5610A5142EB189B700B0ED6C /* bankappUITests */,
			);
			name = bankappUITests;
			packageProductDependencies = (
			);
			productName = bankappUITests;
			productReference = 5610A5112EB189B700B0ED6C /* bankappUITests.xctest */;
			productType = "com.apple.product-type.bundle.ui-testing";
		};
/* End PBXNativeTarget section */

/* Begin PBXProject section */
		5610A4F22EB189B600B0ED6C /* Project object */ = {
			isa = PBXProject;
			attributes = {
				BuildIndependentTargetsInParallel = 1;
				LastSwiftUpdateCheck = 1640;
				LastUpgradeCheck = 1640;
				TargetAttributes = {
					5610A4F92EB189B600B0ED6C = {
						CreatedOnToolsVersion = 16.4;
					};
					5610A5062EB189B700B0ED6C = {
						CreatedOnToolsVersion = 16.4;
						TestTargetID = 5610A4F92EB189B600B0ED6C;
					};
					5610A5102EB189B700B0ED6C = {
						CreatedOnToolsVersion = 16.4;
						TestTargetID = 5610A4F92EB189B600B0ED6C;
					};
				};
			};
			buildConfigurationList = 5610A4F52EB189B600B0ED6C /* Build configuration list for PBXProject "bankapp" */;
			developmentRegion = en;
			hasScannedForEncodings = 0;
			knownRegions = (
				en,
				Base,
			);
			mainGroup = 5610A4F12EB189B600B0ED6C;
			minimizedProjectReferenceProxies = 1;
			packageReferences = (
				5610A5262EB18D9200B0ED6C /* XCRemoteSwiftPackageReference "firebase-ios-sdk" */,
			);
			preferredProjectObjectVersion = 77;
			productRefGroup = 5610A4FB2EB189B600B0ED6C /* Products */;
			projectDirPath = "";
			projectRoot = "";
			targets = (
				5610A4F92EB189B600B0ED6C /* bankapp */,
				5610A5062EB189B700B0ED6C /* bankappTests */,
				5610A5102EB189B700B0ED6C /* bankappUITests */,
			);
		};
/* End PBXProject section */

/* Begin PBXResourcesBuildPhase section */
		5610A4F82EB189B600B0ED6C /* Resources */ = {
			isa = PBXResourcesBuildPhase;
			buildActionMask = 2147483647;
			files = (
			);
			runOnlyForDeploymentPostprocessing = 0;
		};
		5610A5052EB189B700B0ED6C /* Resources */ = {
			isa = PBXResourcesBuildPhase;
			buildActionMask = 2147483647;
			files = (
			);
			runOnlyForDeploymentPostprocessing = 0;
		};
		5610A50F2EB189B700B0ED6C /* Resources */ = {
			isa = PBXResourcesBuildPhase;
			buildActionMask = 2147483647;
			files = (
			);
			runOnlyForDeploymentPostprocessing = 0;
		};
/* End PBXResourcesBuildPhase section */

/* Begin PBXSourcesBuildPhase section */
		5610A4F62EB189B600B0ED6C /* Sources */ = {
			isa = PBXSourcesBuildPhase;
			buildActionMask = 2147483647;
			files = (
			);
			runOnlyForDeploymentPostprocessing = 0;
		};
		5610A5032EB189B700B0ED6C /* Sources */ = {
			isa = PBXSourcesBuildPhase;
			buildActionMask = 2147483647;
			files = (
			);
			runOnlyForDeploymentPostprocessing = 0;
		};
		5610A50D2EB189B700B0ED6C /* Sources */ = {
			isa = PBXSourcesBuildPhase;
			buildActionMask = 2147483647;
			files = (
			);
			runOnlyForDeploymentPostprocessing = 0;
		};
/* End PBXSourcesBuildPhase section */

/* Begin PBXTargetDependency section */
		5610A5092EB189B700B0ED6C /* PBXTargetDependency */ = {
			isa = PBXTargetDependency;
			target = 5610A4F92EB189B600B0ED6C /* bankapp */;
			targetProxy = 5610A5082EB189B700B0ED6C /* PBXContainerItemProxy */;
		};
		5610A5132EB189B700B0ED6C /* PBXTargetDependency */ = {
			isa = PBXTargetDependency;
			target = 5610A4F92EB189B600B0ED6C /* bankapp */;
			targetProxy = 5610A5122EB189B700B0ED6C /* PBXContainerItemProxy */;
		};
/* End PBXTargetDependency section */

/* Begin XCBuildConfiguration section */
		5610A5192EB189B700B0ED6C /* Debug */ = {
			isa = XCBuildConfiguration;
			buildSettings = {
				ALWAYS_SEARCH_USER_PATHS = NO;
				ASSETCATALOG_COMPILER_GENERATE_SWIFT_ASSET_SYMBOL_EXTENSIONS = YES;
				CLANG_ANALYZER_NONNULL = YES;
				CLANG_ANALYZER_NUMBER_OBJECT_CONVERSION = YES_AGGRESSIVE;
				CLANG_CXX_LANGUAGE_STANDARD = "gnu++20";
				CLANG_ENABLE_MODULES = YES;
				CLANG_ENABLE_OBJC_ARC = YES;
				CLANG_ENABLE_OBJC_WEAK = YES;
				CLANG_WARN_BLOCK_CAPTURE_AUTORELEASING = YES;
				CLANG_WARN_BOOL_CONVERSION = YES;
				CLANG_WARN_COMMA = YES;
				CLANG_WARN_CONSTANT_CONVERSION = YES;
				CLANG_WARN_DEPRECATED_OBJC_IMPLEMENTATIONS = YES;
				CLANG_WARN_DIRECT_OBJC_ISA_USAGE = YES_ERROR;
				CLANG_WARN_DOCUMENTATION_COMMENTS = YES;
				CLANG_WARN_EMPTY_BODY = YES;
				CLANG_WARN_ENUM_CONVERSION = YES;
				CLANG_WARN_INFINITE_RECURSION = YES;
				CLANG_WARN_INT_CONVERSION = YES;
				CLANG_WARN_NON_LITERAL_NULL_CONVERSION = YES;
				CLANG_WARN_OBJC_IMPLICIT_RETAIN_SELF = YES;
				CLANG_WARN_OBJC_LITERAL_CONVERSION = YES;
				CLANG_WARN_OBJC_ROOT_CLASS = YES_ERROR;
				CLANG_WARN_QUOTED_INCLUDE_IN_FRAMEWORK_HEADER = YES;
				CLANG_WARN_RANGE_LOOP_ANALYSIS = YES;
				CLANG_WARN_STRICT_PROTOTYPES = YES;
				CLANG_WARN_SUSPICIOUS_MOVE = YES;
				CLANG_WARN_UNGUARDED_AVAILABILITY = YES_AGGRESSIVE;
				CLANG_WARN_UNREACHABLE_CODE = YES;
				CLANG_WARN__DUPLICATE_METHOD_MATCH = YES;
				COPY_PHASE_STRIP = NO;
				DEBUG_INFORMATION_FORMAT = dwarf;
				DEVELOPMENT_TEAM = 9HQ4BHK47Y;
				ENABLE_STRICT_OBJC_MSGSEND = YES;
				ENABLE_TESTABILITY = YES;
				ENABLE_USER_SCRIPT_SANDBOXING = YES;
				GCC_C_LANGUAGE_STANDARD = gnu17;
				GCC_DYNAMIC_NO_PIC = NO;
				GCC_NO_COMMON_BLOCKS = YES;
				GCC_OPTIMIZATION_LEVEL = 0;
				GCC_PREPROCESSOR_DEFINITIONS = (
					"DEBUG=1",
					"$(inherited)",
				);
				GCC_WARN_64_TO_32_BIT_CONVERSION = YES;
				GCC_WARN_ABOUT_RETURN_TYPE = YES_ERROR;
				GCC_WARN_UNDECLARED_SELECTOR = YES;
				GCC_WARN_UNINITIALIZED_AUTOS = YES_AGGRESSIVE;
				GCC_WARN_UNUSED_FUNCTION = YES;
				GCC_WARN_UNUSED_VARIABLE = YES;
				IPHONEOS_DEPLOYMENT_TARGET = 18.5;
				LOCALIZATION_PREFERS_STRING_CATALOGS = YES;
				MTL_ENABLE_DEBUG_INFO = INCLUDE_SOURCE;
				MTL_FAST_MATH = YES;
				ONLY_ACTIVE_ARCH = YES;
				SDKROOT = iphoneos;
				SWIFT_ACTIVE_COMPILATION_CONDITIONS = "DEBUG $(inherited)";
				SWIFT_OPTIMIZATION_LEVEL = "-Onone";
			};
			name = Debug;
		};
		5610A51A2EB189B700B0ED6C /* Release */ = {
			isa = XCBuildConfiguration;
			buildSettings = {
				ALWAYS_SEARCH_USER_PATHS = NO;
				ASSETCATALOG_COMPILER_GENERATE_SWIFT_ASSET_SYMBOL_EXTENSIONS = YES;
				CLANG_ANALYZER_NONNULL = YES;
				CLANG_ANALYZER_NUMBER_OBJECT_CONVERSION = YES_AGGRESSIVE;
				CLANG_CXX_LANGUAGE_STANDARD = "gnu++20";
				CLANG_ENABLE_MODULES = YES;
				CLANG_ENABLE_OBJC_ARC = YES;
				CLANG_ENABLE_OBJC_WEAK = YES;
				CLANG_WARN_BLOCK_CAPTURE_AUTORELEASING = YES;
				CLANG_WARN_BOOL_CONVERSION = YES;
				CLANG_WARN_COMMA = YES;
				CLANG_WARN_CONSTANT_CONVERSION = YES;
				CLANG_WARN_DEPRECATED_OBJC_IMPLEMENTATIONS = YES;
				CLANG_WARN_DIRECT_OBJC_ISA_USAGE = YES_ERROR;
				CLANG_WARN_DOCUMENTATION_COMMENTS = YES;
				CLANG_WARN_EMPTY_BODY = YES;
				CLANG_WARN_ENUM_CONVERSION = YES;
				CLANG_WARN_INFINITE_RECURSION = YES;
				CLANG_WARN_INT_CONVERSION = YES;
				CLANG_WARN_NON_LITERAL_NULL_CONVERSION = YES;
				CLANG_WARN_OBJC_IMPLICIT_RETAIN_SELF = YES;
				CLANG_WARN_OBJC_LITERAL_CONVERSION = YES;
				CLANG_WARN_OBJC_ROOT_CLASS = YES_ERROR;
				CLANG_WARN_QUOTED_INCLUDE_IN_FRAMEWORK_HEADER = YES;
				CLANG_WARN_RANGE_LOOP_ANALYSIS = YES;
				CLANG_WARN_STRICT_PROTOTYPES = YES;
				CLANG_WARN_SUSPICIOUS_MOVE = YES;
				CLANG_WARN_UNGUARDED_AVAILABILITY = YES_AGGRESSIVE;
				CLANG_WARN_UNREACHABLE_CODE = YES;
				CLANG_WARN__DUPLICATE_METHOD_MATCH = YES;
				COPY_PHASE_STRIP = NO;
				DEBUG_INFORMATION_FORMAT = "dwarf-with-dsym";
				DEVELOPMENT_TEAM = 9HQ4BHK47Y;
				ENABLE_NS_ASSERTIONS = NO;
				ENABLE_STRICT_OBJC_MSGSEND = YES;
				ENABLE_USER_SCRIPT_SANDBOXING = YES;
				GCC_C_LANGUAGE_STANDARD = gnu17;
				GCC_NO_COMMON_BLOCKS = YES;
				GCC_WARN_64_TO_32_BIT_CONVERSION = YES;
				GCC_WARN_ABOUT_RETURN_TYPE = YES_ERROR;
				GCC_WARN_UNDECLARED_SELECTOR = YES;
				GCC_WARN_UNINITIALIZED_AUTOS = YES_AGGRESSIVE;
				GCC_WARN_UNUSED_FUNCTION = YES;
				GCC_WARN_UNUSED_VARIABLE = YES;
				IPHONEOS_DEPLOYMENT_TARGET = 18.5;
				LOCALIZATION_PREFERS_STRING_CATALOGS = YES;
				MTL_ENABLE_DEBUG_INFO = NO;
				MTL_FAST_MATH = YES;
				SDKROOT = iphoneos;
				SWIFT_COMPILATION_MODE = wholemodule;
				VALIDATE_PRODUCT = YES;
			};
			name = Release;
		};
		5610A51C2EB189B700B0ED6C /* Debug */ = {
			isa = XCBuildConfiguration;
			buildSettings = {
				ASSETCATALOG_COMPILER_APPICON_NAME = AppIcon;
				ASSETCATALOG_COMPILER_GLOBAL_ACCENT_COLOR_NAME = AccentColor;
				CODE_SIGN_STYLE = Automatic;
				CURRENT_PROJECT_VERSION = 1;
				DEVELOPMENT_TEAM = 9HQ4BHK47Y;
				ENABLE_PREVIEWS = YES;
				GENERATE_INFOPLIST_FILE = YES;
				INFOPLIST_KEY_UIApplicationSceneManifest_Generation = YES;
				INFOPLIST_KEY_UIApplicationSupportsIndirectInputEvents = YES;
				INFOPLIST_KEY_UILaunchScreen_Generation = YES;
				INFOPLIST_KEY_UISupportedInterfaceOrientations_iPad = "UIInterfaceOrientationPortrait UIInterfaceOrientationPortraitUpsideDown UIInterfaceOrientationLandscapeLeft UIInterfaceOrientationLandscapeRight";
				INFOPLIST_KEY_UISupportedInterfaceOrientations_iPhone = "UIInterfaceOrientationPortrait UIInterfaceOrientationLandscapeLeft UIInterfaceOrientationLandscapeRight";
				LD_RUNPATH_SEARCH_PATHS = (
					"$(inherited)",
					"@executable_path/Frameworks",
				);
				MARKETING_VERSION = 1.0;
				PRODUCT_BUNDLE_IDENTIFIER = iest.bankapp;
				PRODUCT_NAME = "$(TARGET_NAME)";
				SWIFT_EMIT_LOC_STRINGS = YES;
				SWIFT_VERSION = 5.0;
				TARGETED_DEVICE_FAMILY = "1,2";
			};
			name = Debug;
		};
		5610A51D2EB189B700B0ED6C /* Release */ = {
			isa = XCBuildConfiguration;
			buildSettings = {
				ASSETCATALOG_COMPILER_APPICON_NAME = AppIcon;
				ASSETCATALOG_COMPILER_GLOBAL_ACCENT_COLOR_NAME = AccentColor;
				CODE_SIGN_STYLE = Automatic;
				CURRENT_PROJECT_VERSION = 1;
				DEVELOPMENT_TEAM = 9HQ4BHK47Y;
				ENABLE_PREVIEWS = YES;
				GENERATE_INFOPLIST_FILE = YES;
				INFOPLIST_KEY_UIApplicationSceneManifest_Generation = YES;
				INFOPLIST_KEY_UIApplicationSupportsIndirectInputEvents = YES;
				INFOPLIST_KEY_UILaunchScreen_Generation = YES;
				INFOPLIST_KEY_UISupportedInterfaceOrientations_iPad = "UIInterfaceOrientationPortrait UIInterfaceOrientationPortraitUpsideDown UIInterfaceOrientationLandscapeLeft UIInterfaceOrientationLandscapeRight";
				INFOPLIST_KEY_UISupportedInterfaceOrientations_iPhone = "UIInterfaceOrientationPortrait UIInterfaceOrientationLandscapeLeft UIInterfaceOrientationLandscapeRight";
				LD_RUNPATH_SEARCH_PATHS = (
					"$(inherited)",
					"@executable_path/Frameworks",
				);
				MARKETING_VERSION = 1.0;
				PRODUCT_BUNDLE_IDENTIFIER = iest.bankapp;
				PRODUCT_NAME = "$(TARGET_NAME)";
				SWIFT_EMIT_LOC_STRINGS = YES;
				SWIFT_VERSION = 5.0;
				TARGETED_DEVICE_FAMILY = "1,2";
			};
			name = Release;
		};
		5610A51F2EB189B700B0ED6C /* Debug */ = {
			isa = XCBuildConfiguration;
			buildSettings = {
				BUNDLE_LOADER = "$(TEST_HOST)";
				CODE_SIGN_STYLE = Automatic;
				CURRENT_PROJECT_VERSION = 1;
				DEVELOPMENT_TEAM = 9HQ4BHK47Y;
				GENERATE_INFOPLIST_FILE = YES;
				IPHONEOS_DEPLOYMENT_TARGET = 18.5;
				MARKETING_VERSION = 1.0;
				PRODUCT_BUNDLE_IDENTIFIER = iest.bankappTests;
				PRODUCT_NAME = "$(TARGET_NAME)";
				SWIFT_EMIT_LOC_STRINGS = NO;
				SWIFT_VERSION = 5.0;
				TARGETED_DEVICE_FAMILY = "1,2";
				TEST_HOST = "$(BUILT_PRODUCTS_DIR)/bankapp.app/$(BUNDLE_EXECUTABLE_FOLDER_PATH)/bankapp";
			};
			name = Debug;
		};
		5610A5202EB189B700B0ED6C /* Release */ = {
			isa = XCBuildConfiguration;
			buildSettings = {
				BUNDLE_LOADER = "$(TEST_HOST)";
				CODE_SIGN_STYLE = Automatic;
				CURRENT_PROJECT_VERSION = 1;
				DEVELOPMENT_TEAM = 9HQ4BHK47Y;
				GENERATE_INFOPLIST_FILE = YES;
				IPHONEOS_DEPLOYMENT_TARGET = 18.5;
				MARKETING_VERSION = 1.0;
				PRODUCT_BUNDLE_IDENTIFIER = iest.bankappTests;
				PRODUCT_NAME = "$(TARGET_NAME)";
				SWIFT_EMIT_LOC_STRINGS = NO;
				SWIFT_VERSION = 5.0;
				TARGETED_DEVICE_FAMILY = "1,2";
				TEST_HOST = "$(BUILT_PRODUCTS_DIR)/bankapp.app/$(BUNDLE_EXECUTABLE_FOLDER_PATH)/bankapp";
			};
			name = Release;
		};
		5610A5222EB189B700B0ED6C /* Debug */ = {
			isa = XCBuildConfiguration;
			buildSettings = {
				CODE_SIGN_STYLE = Automatic;
				CURRENT_PROJECT_VERSION = 1;
				DEVELOPMENT_TEAM = 9HQ4BHK47Y;
				GENERATE_INFOPLIST_FILE = YES;
				MARKETING_VERSION = 1.0;
				PRODUCT_BUNDLE_IDENTIFIER = iest.bankappUITests;
				PRODUCT_NAME = "$(TARGET_NAME)";
				SWIFT_EMIT_LOC_STRINGS = NO;
				SWIFT_VERSION = 5.0;
				TARGETED_DEVICE_FAMILY = "1,2";
				TEST_TARGET_NAME = bankapp;
			};
			name = Debug;
		};
		5610A5232EB189B700B0ED6C /* Release */ = {
			isa = XCBuildConfiguration;
			buildSettings = {
				CODE_SIGN_STYLE = Automatic;
				CURRENT_PROJECT_VERSION = 1;
				DEVELOPMENT_TEAM = 9HQ4BHK47Y;
				GENERATE_INFOPLIST_FILE = YES;
				MARKETING_VERSION = 1.0;
				PRODUCT_BUNDLE_IDENTIFIER = iest.bankappUITests;
				PRODUCT_NAME = "$(TARGET_NAME)";
				SWIFT_EMIT_LOC_STRINGS = NO;
				SWIFT_VERSION = 5.0;
				TARGETED_DEVICE_FAMILY = "1,2";
				TEST_TARGET_NAME = bankapp;
			};
			name = Release;
		};
/* End XCBuildConfiguration section */

/* Begin XCConfigurationList section */
		5610A4F52EB189B600B0ED6C /* Build configuration list for PBXProject "bankapp" */ = {
			isa = XCConfigurationList;
			buildConfigurations = (
				5610A5192EB189B700B0ED6C /* Debug */,
				5610A51A2EB189B700B0ED6C /* Release */,
			);
			defaultConfigurationIsVisible = 0;
			defaultConfigurationName = Release;
		};
		5610A51B2EB189B700B0ED6C /* Build configuration list for PBXNativeTarget "bankapp" */ = {
			isa = XCConfigurationList;
			buildConfigurations = (
				5610A51C2EB189B700B0ED6C /* Debug */,
				5610A51D2EB189B700B0ED6C /* Release */,
			);
			defaultConfigurationIsVisible = 0;
			defaultConfigurationName = Release;
		};
		5610A51E2EB189B700B0ED6C /* Build configuration list for PBXNativeTarget "bankappTests" */ = {
			isa = XCConfigurationList;
			buildConfigurations = (
				5610A51F2EB189B700B0ED6C /* Debug */,
				5610A5202EB189B700B0ED6C /* Release */,
			);
			defaultConfigurationIsVisible = 0;
			defaultConfigurationName = Release;
		};
		5610A5212EB189B700B0ED6C /* Build configuration list for PBXNativeTarget "bankappUITests" */ = {
			isa = XCConfigurationList;
			buildConfigurations = (
				5610A5222EB189B700B0ED6C /* Debug */,
				5610A5232EB189B700B0ED6C /* Release */,
			);
			defaultConfigurationIsVisible = 0;
			defaultConfigurationName = Release;
		};
/* End XCConfigurationList section */

/* Begin XCRemoteSwiftPackageReference section */
		5610A5262EB18D9200B0ED6C /* XCRemoteSwiftPackageReference "firebase-ios-sdk" */ = {
			isa = XCRemoteSwiftPackageReference;
			repositoryURL = "https://github.com/firebase/firebase-ios-sdk";
			requirement = {
				kind = upToNextMajorVersion;
				minimumVersion = 12.5.0;
			};
		};
/* End XCRemoteSwiftPackageReference section */

/* Begin XCSwiftPackageProductDependency section */
		5610A5272EB18D9200B0ED6C /* FirebaseAuth */ = {
			isa = XCSwiftPackageProductDependency;
			package = 5610A5262EB18D9200B0ED6C /* XCRemoteSwiftPackageReference "firebase-ios-sdk" */;
			productName = FirebaseAuth;
		};
		5610A5292EB18D9200B0ED6C /* FirebaseFirestore */ = {
			isa = XCSwiftPackageProductDependency;
			package = 5610A5262EB18D9200B0ED6C /* XCRemoteSwiftPackageReference "firebase-ios-sdk" */;
			productName = FirebaseFirestore;
		};
/* End XCSwiftPackageProductDependency section */
	};
	rootObject = 5610A4F22EB189B600B0ED6C /* Project object */;
}
